// !$*UTF8*$!
{
	archiveVersion = 1;
	classes = {
	};
	objectVersion = 47;
	objects = {

/* Begin PBXBuildFile section */
		F2030B221BCB2CA9008C61FD /* Vec2d.swift in Sources */ = {isa = PBXBuildFile; fileRef = F2030B211BCB2CA9008C61FD /* Vec2d.swift */; };
		F2030B241BCB3364008C61FD /* Angle.swift in Sources */ = {isa = PBXBuildFile; fileRef = F2030B231BCB3364008C61FD /* Angle.swift */; };
		F2030B261BCB38B3008C61FD /* VectorVectorOperators.swift in Sources */ = {isa = PBXBuildFile; fileRef = F2030B251BCB38B3008C61FD /* VectorVectorOperators.swift */; };
		F2030B291BCB3B0F008C61FD /* VectorVectorOperators.swift in Sources */ = {isa = PBXBuildFile; fileRef = F2030B281BCB3B0F008C61FD /* VectorVectorOperators.swift */; };
		F2030B2B1BCB3B3A008C61FD /* VectorScalarOperators.swift in Sources */ = {isa = PBXBuildFile; fileRef = F2030B2A1BCB3B3A008C61FD /* VectorScalarOperators.swift */; };
		F2030B2D1BCB3B6A008C61FD /* AngleAngleOperators.swift in Sources */ = {isa = PBXBuildFile; fileRef = F2030B2C1BCB3B6A008C61FD /* AngleAngleOperators.swift */; };
		F2030B2F1BCB3B7C008C61FD /* AngleScalerOperators.swift in Sources */ = {isa = PBXBuildFile; fileRef = F2030B2E1BCB3B7C008C61FD /* AngleScalerOperators.swift */; };
		F2030B321BCB3BD9008C61FD /* VectorScalarOperators.swift in Sources */ = {isa = PBXBuildFile; fileRef = F2030B311BCB3BD9008C61FD /* VectorScalarOperators.swift */; };
		F20ABE9B1BB304C400245EB7 /* Overlap.swift in Sources */ = {isa = PBXBuildFile; fileRef = F20ABE9A1BB304C400245EB7 /* Overlap.swift */; };
		F20ABE9D1BB305C500245EB7 /* Line2d.swift in Sources */ = {isa = PBXBuildFile; fileRef = F20ABE9C1BB305C500245EB7 /* Line2d.swift */; };
		F20ABE9F1BB315D700245EB7 /* Sector2d.swift in Sources */ = {isa = PBXBuildFile; fileRef = F20ABE9E1BB315D700245EB7 /* Sector2d.swift */; };
		F20ABEA11BB315E100245EB7 /* Segment2d.swift in Sources */ = {isa = PBXBuildFile; fileRef = F20ABEA01BB315E100245EB7 /* Segment2d.swift */; };
		F20ABEA31BB35D5200245EB7 /* Distance.swift in Sources */ = {isa = PBXBuildFile; fileRef = F20ABEA21BB35D5200245EB7 /* Distance.swift */; };
		F20ABEA51BB35E6100245EB7 /* Incidence.swift in Sources */ = {isa = PBXBuildFile; fileRef = F20ABEA41BB35E6100245EB7 /* Incidence.swift */; };
		F210B7181B9C96BC003E1440 /* AABB2d.swift in Sources */ = {isa = PBXBuildFile; fileRef = F210B7171B9C96BC003E1440 /* AABB2d.swift */; };
		F21403711BB05CF600A6F672 /* LineSegment2d.swift in Sources */ = {isa = PBXBuildFile; fileRef = F21403701BB05CF600A6F672 /* LineSegment2d.swift */; };
		F21403731BB05D0D00A6F672 /* Arc2d.swift in Sources */ = {isa = PBXBuildFile; fileRef = F21403721BB05D0D00A6F672 /* Arc2d.swift */; };
		F21403751BB05DFD00A6F672 /* Circle2d.swift in Sources */ = {isa = PBXBuildFile; fileRef = F21403741BB05DFD00A6F672 /* Circle2d.swift */; };
		F21403771BB05E5500A6F672 /* Triangle2d.swift in Sources */ = {isa = PBXBuildFile; fileRef = F21403761BB05E5500A6F672 /* Triangle2d.swift */; };
		F21403791BB05FAA00A6F672 /* Ray2d.swift in Sources */ = {isa = PBXBuildFile; fileRef = F21403781BB05FAA00A6F672 /* Ray2d.swift */; };
		F214037C1BB064BA00A6F672 /* Constants.swift in Sources */ = {isa = PBXBuildFile; fileRef = F214037B1BB064BA00A6F672 /* Constants.swift */; };
		F214037F1BB0E6F700A6F672 /* Intersection.swift in Sources */ = {isa = PBXBuildFile; fileRef = F214037E1BB0E6F700A6F672 /* Intersection.swift */; };
		F21403811BB0E92700A6F672 /* Containment.swift in Sources */ = {isa = PBXBuildFile; fileRef = F21403801BB0E92700A6F672 /* Containment.swift */; };
		F21403831BB0E9BD00A6F672 /* Path2d.swift in Sources */ = {isa = PBXBuildFile; fileRef = F21403821BB0E9BD00A6F672 /* Path2d.swift */; };
		F21403861BB0EF0900A6F672 /* Relations.swift in Sources */ = {isa = PBXBuildFile; fileRef = F21403851BB0EF0900A6F672 /* Relations.swift */; };
		F21A86B71BC041300028CF91 /* Mat3x2.swift in Sources */ = {isa = PBXBuildFile; fileRef = F21A86B61BC041300028CF91 /* Mat3x2.swift */; };
		F21A86B91BC042CD0028CF91 /* Scalar.swift in Sources */ = {isa = PBXBuildFile; fileRef = F21A86B81BC042CD0028CF91 /* Scalar.swift */; };
		F26D46161B7D09F200266096 /* ReformMath.h in Headers */ = {isa = PBXBuildFile; fileRef = F26D46151B7D09F200266096 /* ReformMath.h */; settings = {ATTRIBUTES = (Public, ); }; };
		F26D461D1B7D09F200266096 /* ReformMath.framework in Frameworks */ = {isa = PBXBuildFile; fileRef = F26D46121B7D09F200266096 /* ReformMath.framework */; };
		F26D46A81B7D0CF400266096 /* Vec2d.swift in Sources */ = {isa = PBXBuildFile; fileRef = F26D46A71B7D0CF400266096 /* Vec2d.swift */; };
		F26D46F01B7D1AAA00266096 /* Angle.swift in Sources */ = {isa = PBXBuildFile; fileRef = F26D46EF1B7D1AAA00266096 /* Angle.swift */; };
		F26D470E1B7D34B700266096 /* Operators.swift in Sources */ = {isa = PBXBuildFile; fileRef = F26D470D1B7D34B700266096 /* Operators.swift */; };
		F26D47311B7D3F7F00266096 /* Functions.swift in Sources */ = {isa = PBXBuildFile; fileRef = F26D47301B7D3F7F00266096 /* Functions.swift */; };
		F27391071B7F8ACE00100F2F /* PathRelations.swift in Sources */ = {isa = PBXBuildFile; fileRef = F27391061B7F8ACE00100F2F /* PathRelations.swift */; };
		F2799BFE1BB81A9E00C4D1E3 /* AngleRange.swift in Sources */ = {isa = PBXBuildFile; fileRef = F2799BFD1BB81A9E00C4D1E3 /* AngleRange.swift */; };
/* End PBXBuildFile section */

/* Begin PBXContainerItemProxy section */
		F26D461E1B7D09F200266096 /* PBXContainerItemProxy */ = {
			isa = PBXContainerItemProxy;
			containerPortal = F26D46091B7D09F200266096 /* Project object */;
			proxyType = 1;
			remoteGlobalIDString = F26D46111B7D09F200266096;
			remoteInfo = ReformMath;
		};
/* End PBXContainerItemProxy section */

/* Begin PBXFileReference section */
		F2030B211BCB2CA9008C61FD /* Vec2d.swift */ = {isa = PBXFileReference; fileEncoding = 4; lastKnownFileType = sourcecode.swift; path = Vec2d.swift; sourceTree = "<group>"; };
		F2030B231BCB3364008C61FD /* Angle.swift */ = {isa = PBXFileReference; fileEncoding = 4; lastKnownFileType = sourcecode.swift; path = Angle.swift; sourceTree = "<group>"; };
		F2030B251BCB38B3008C61FD /* VectorVectorOperators.swift */ = {isa = PBXFileReference; fileEncoding = 4; lastKnownFileType = sourcecode.swift; path = VectorVectorOperators.swift; sourceTree = "<group>"; };
		F2030B281BCB3B0F008C61FD /* VectorVectorOperators.swift */ = {isa = PBXFileReference; fileEncoding = 4; lastKnownFileType = sourcecode.swift; path = VectorVectorOperators.swift; sourceTree = "<group>"; };
		F2030B2A1BCB3B3A008C61FD /* VectorScalarOperators.swift */ = {isa = PBXFileReference; fileEncoding = 4; lastKnownFileType = sourcecode.swift; path = VectorScalarOperators.swift; sourceTree = "<group>"; };
		F2030B2C1BCB3B6A008C61FD /* AngleAngleOperators.swift */ = {isa = PBXFileReference; fileEncoding = 4; lastKnownFileType = sourcecode.swift; path = AngleAngleOperators.swift; sourceTree = "<group>"; };
		F2030B2E1BCB3B7C008C61FD /* AngleScalerOperators.swift */ = {isa = PBXFileReference; fileEncoding = 4; lastKnownFileType = sourcecode.swift; path = AngleScalerOperators.swift; sourceTree = "<group>"; };
		F2030B311BCB3BD9008C61FD /* VectorScalarOperators.swift */ = {isa = PBXFileReference; fileEncoding = 4; lastKnownFileType = sourcecode.swift; path = VectorScalarOperators.swift; sourceTree = "<group>"; };
		F20ABE9A1BB304C400245EB7 /* Overlap.swift */ = {isa = PBXFileReference; fileEncoding = 4; lastKnownFileType = sourcecode.swift; path = Overlap.swift; sourceTree = "<group>"; };
		F20ABE9C1BB305C500245EB7 /* Line2d.swift */ = {isa = PBXFileReference; fileEncoding = 4; lastKnownFileType = sourcecode.swift; path = Line2d.swift; sourceTree = "<group>"; };
		F20ABE9E1BB315D700245EB7 /* Sector2d.swift */ = {isa = PBXFileReference; fileEncoding = 4; lastKnownFileType = sourcecode.swift; path = Sector2d.swift; sourceTree = "<group>"; };
		F20ABEA01BB315E100245EB7 /* Segment2d.swift */ = {isa = PBXFileReference; fileEncoding = 4; lastKnownFileType = sourcecode.swift; path = Segment2d.swift; sourceTree = "<group>"; };
		F20ABEA21BB35D5200245EB7 /* Distance.swift */ = {isa = PBXFileReference; fileEncoding = 4; lastKnownFileType = sourcecode.swift; path = Distance.swift; sourceTree = "<group>"; };
		F20ABEA41BB35E6100245EB7 /* Incidence.swift */ = {isa = PBXFileReference; fileEncoding = 4; lastKnownFileType = sourcecode.swift; path = Incidence.swift; sourceTree = "<group>"; };
		F210B7171B9C96BC003E1440 /* AABB2d.swift */ = {isa = PBXFileReference; fileEncoding = 4; lastKnownFileType = sourcecode.swift; path = AABB2d.swift; sourceTree = "<group>"; };
		F21403701BB05CF600A6F672 /* LineSegment2d.swift */ = {isa = PBXFileReference; fileEncoding = 4; lastKnownFileType = sourcecode.swift; path = LineSegment2d.swift; sourceTree = "<group>"; };
		F21403721BB05D0D00A6F672 /* Arc2d.swift */ = {isa = PBXFileReference; fileEncoding = 4; lastKnownFileType = sourcecode.swift; path = Arc2d.swift; sourceTree = "<group>"; };
		F21403741BB05DFD00A6F672 /* Circle2d.swift */ = {isa = PBXFileReference; fileEncoding = 4; lastKnownFileType = sourcecode.swift; path = Circle2d.swift; sourceTree = "<group>"; };
		F21403761BB05E5500A6F672 /* Triangle2d.swift */ = {isa = PBXFileReference; fileEncoding = 4; lastKnownFileType = sourcecode.swift; path = Triangle2d.swift; sourceTree = "<group>"; };
		F21403781BB05FAA00A6F672 /* Ray2d.swift */ = {isa = PBXFileReference; fileEncoding = 4; lastKnownFileType = sourcecode.swift; path = Ray2d.swift; sourceTree = "<group>"; };
		F214037B1BB064BA00A6F672 /* Constants.swift */ = {isa = PBXFileReference; fileEncoding = 4; lastKnownFileType = sourcecode.swift; path = Constants.swift; sourceTree = "<group>"; };
		F214037E1BB0E6F700A6F672 /* Intersection.swift */ = {isa = PBXFileReference; fileEncoding = 4; lastKnownFileType = sourcecode.swift; path = Intersection.swift; sourceTree = "<group>"; };
		F21403801BB0E92700A6F672 /* Containment.swift */ = {isa = PBXFileReference; fileEncoding = 4; lastKnownFileType = sourcecode.swift; path = Containment.swift; sourceTree = "<group>"; };
		F21403821BB0E9BD00A6F672 /* Path2d.swift */ = {isa = PBXFileReference; fileEncoding = 4; lastKnownFileType = sourcecode.swift; path = Path2d.swift; sourceTree = "<group>"; };
		F21403851BB0EF0900A6F672 /* Relations.swift */ = {isa = PBXFileReference; fileEncoding = 4; lastKnownFileType = sourcecode.swift; path = Relations.swift; sourceTree = "<group>"; };
		F21A86B61BC041300028CF91 /* Mat3x2.swift */ = {isa = PBXFileReference; fileEncoding = 4; lastKnownFileType = sourcecode.swift; path = Mat3x2.swift; sourceTree = "<group>"; };
		F21A86B81BC042CD0028CF91 /* Scalar.swift */ = {isa = PBXFileReference; fileEncoding = 4; lastKnownFileType = sourcecode.swift; path = Scalar.swift; sourceTree = "<group>"; };
		F26D46121B7D09F200266096 /* ReformMath.framework */ = {isa = PBXFileReference; explicitFileType = wrapper.framework; includeInIndex = 0; path = ReformMath.framework; sourceTree = BUILT_PRODUCTS_DIR; };
		F26D46151B7D09F200266096 /* ReformMath.h */ = {isa = PBXFileReference; lastKnownFileType = sourcecode.c.h; path = ReformMath.h; sourceTree = "<group>"; };
		F26D46171B7D09F200266096 /* Info.plist */ = {isa = PBXFileReference; lastKnownFileType = text.plist.xml; path = Info.plist; sourceTree = "<group>"; };
		F26D461C1B7D09F200266096 /* ReformMathTests.xctest */ = {isa = PBXFileReference; explicitFileType = wrapper.cfbundle; includeInIndex = 0; path = ReformMathTests.xctest; sourceTree = BUILT_PRODUCTS_DIR; };
		F26D46231B7D09F200266096 /* Info.plist */ = {isa = PBXFileReference; lastKnownFileType = text.plist.xml; path = Info.plist; sourceTree = "<group>"; };
		F26D46A71B7D0CF400266096 /* Vec2d.swift */ = {isa = PBXFileReference; fileEncoding = 4; lastKnownFileType = sourcecode.swift; path = Vec2d.swift; sourceTree = "<group>"; };
		F26D46EF1B7D1AAA00266096 /* Angle.swift */ = {isa = PBXFileReference; fileEncoding = 4; lastKnownFileType = sourcecode.swift; path = Angle.swift; sourceTree = "<group>"; };
		F26D470D1B7D34B700266096 /* Operators.swift */ = {isa = PBXFileReference; fileEncoding = 4; lastKnownFileType = sourcecode.swift; path = Operators.swift; sourceTree = "<group>"; };
		F26D47301B7D3F7F00266096 /* Functions.swift */ = {isa = PBXFileReference; fileEncoding = 4; lastKnownFileType = sourcecode.swift; path = Functions.swift; sourceTree = "<group>"; };
		F27391061B7F8ACE00100F2F /* PathRelations.swift */ = {isa = PBXFileReference; fileEncoding = 4; lastKnownFileType = sourcecode.swift; path = PathRelations.swift; sourceTree = "<group>"; };
		F2799BFD1BB81A9E00C4D1E3 /* AngleRange.swift */ = {isa = PBXFileReference; fileEncoding = 4; lastKnownFileType = sourcecode.swift; path = AngleRange.swift; sourceTree = "<group>"; };
/* End PBXFileReference section */

/* Begin PBXFrameworksBuildPhase section */
		F26D460E1B7D09F200266096 /* Frameworks */ = {
			isa = PBXFrameworksBuildPhase;
			buildActionMask = 2147483647;
			files = (
			);
			runOnlyForDeploymentPostprocessing = 0;
		};
		F26D46191B7D09F200266096 /* Frameworks */ = {
			isa = PBXFrameworksBuildPhase;
			buildActionMask = 2147483647;
			files = (
				F26D461D1B7D09F200266096 /* ReformMath.framework in Frameworks */,
			);
			runOnlyForDeploymentPostprocessing = 0;
		};
/* End PBXFrameworksBuildPhase section */

/* Begin PBXGroup section */
		F2030B1F1BCB2C77008C61FD /* Geometry */ = {
			isa = PBXGroup;
			children = (
				F2030B301BCB3BB1008C61FD /* Operators */,
				F2030B201BCB2C7D008C61FD /* Primitives */,
			);
			name = Geometry;
			sourceTree = "<group>";
		};
		F2030B201BCB2C7D008C61FD /* Primitives */ = {
			isa = PBXGroup;
			children = (
				F2030B211BCB2CA9008C61FD /* Vec2d.swift */,
				F2030B231BCB3364008C61FD /* Angle.swift */,
			);
			name = Primitives;
			sourceTree = "<group>";
		};
		F2030B271BCB3AFD008C61FD /* Operators */ = {
			isa = PBXGroup;
			children = (
				F2030B281BCB3B0F008C61FD /* VectorVectorOperators.swift */,
				F2030B2A1BCB3B3A008C61FD /* VectorScalarOperators.swift */,
				F2030B2C1BCB3B6A008C61FD /* AngleAngleOperators.swift */,
				F2030B2E1BCB3B7C008C61FD /* AngleScalerOperators.swift */,
			);
			name = Operators;
			sourceTree = "<group>";
		};
		F2030B301BCB3BB1008C61FD /* Operators */ = {
			isa = PBXGroup;
			children = (
				F2030B251BCB38B3008C61FD /* VectorVectorOperators.swift */,
				F2030B311BCB3BD9008C61FD /* VectorScalarOperators.swift */,
			);
			name = Operators;
			sourceTree = "<group>";
		};
		F214036F1BB05CD400A6F672 /* Elements */ = {
			isa = PBXGroup;
			children = (
				F21403701BB05CF600A6F672 /* LineSegment2d.swift */,
				F21403721BB05D0D00A6F672 /* Arc2d.swift */,
				F210B7171B9C96BC003E1440 /* AABB2d.swift */,
				F21403741BB05DFD00A6F672 /* Circle2d.swift */,
				F21403761BB05E5500A6F672 /* Triangle2d.swift */,
				F21403781BB05FAA00A6F672 /* Ray2d.swift */,
				F20ABE9C1BB305C500245EB7 /* Line2d.swift */,
				F20ABE9E1BB315D700245EB7 /* Sector2d.swift */,
				F20ABEA01BB315E100245EB7 /* Segment2d.swift */,
			);
			name = Elements;
			sourceTree = "<group>";
		};
		F214037A1BB0638200A6F672 /* Primitives */ = {
			isa = PBXGroup;
			children = (
				F26D46A71B7D0CF400266096 /* Vec2d.swift */,
				F26D46EF1B7D1AAA00266096 /* Angle.swift */,
				F214037B1BB064BA00A6F672 /* Constants.swift */,
				F21A86B81BC042CD0028CF91 /* Scalar.swift */,
			);
			name = Primitives;
			sourceTree = "<group>";
		};
		F214037D1BB0E6E700A6F672 /* Relations */ = {
			isa = PBXGroup;
			children = (
				F214037E1BB0E6F700A6F672 /* Intersection.swift */,
				F21403801BB0E92700A6F672 /* Containment.swift */,
				F20ABE9A1BB304C400245EB7 /* Overlap.swift */,
				F20ABEA21BB35D5200245EB7 /* Distance.swift */,
				F20ABEA41BB35E6100245EB7 /* Incidence.swift */,
			);
			name = Relations;
			sourceTree = "<group>";
		};
		F21403841BB0EA0200A6F672 /* Path */ = {
			isa = PBXGroup;
			children = (
				F27391061B7F8ACE00100F2F /* PathRelations.swift */,
				F21403821BB0E9BD00A6F672 /* Path2d.swift */,
			);
			name = Path;
			sourceTree = "<group>";
		};
		F21A86B51BC041130028CF91 /* Matrix */ = {
			isa = PBXGroup;
			children = (
				F21A86B61BC041300028CF91 /* Mat3x2.swift */,
			);
			name = Matrix;
			sourceTree = "<group>";
		};
		F26D46081B7D09F200266096 = {
			isa = PBXGroup;
			children = (
				F26D46141B7D09F200266096 /* ReformMath */,
				F26D46201B7D09F200266096 /* ReformMathTests */,
				F26D46131B7D09F200266096 /* Products */,
			);
			sourceTree = "<group>";
		};
		F26D46131B7D09F200266096 /* Products */ = {
			isa = PBXGroup;
			children = (
				F26D46121B7D09F200266096 /* ReformMath.framework */,
				F26D461C1B7D09F200266096 /* ReformMathTests.xctest */,
			);
			name = Products;
			sourceTree = "<group>";
		};
		F26D46141B7D09F200266096 /* ReformMath */ = {
			isa = PBXGroup;
			children = (
				F2030B271BCB3AFD008C61FD /* Operators */,
				F26D470D1B7D34B700266096 /* Operators.swift */,
				F26D47301B7D3F7F00266096 /* Functions.swift */,
				F26D46EE1B7D1A9F00266096 /* Geometry */,
				F26D46151B7D09F200266096 /* ReformMath.h */,
				F26D46171B7D09F200266096 /* Info.plist */,
			);
			path = ReformMath;
			sourceTree = "<group>";
		};
		F26D46201B7D09F200266096 /* ReformMathTests */ = {
			isa = PBXGroup;
			children = (
				F2030B1F1BCB2C77008C61FD /* Geometry */,
				F26D46231B7D09F200266096 /* Info.plist */,
			);
			path = ReformMathTests;
			sourceTree = "<group>";
		};
		F26D46EE1B7D1A9F00266096 /* Geometry */ = {
			isa = PBXGroup;
			children = (
				F21A86B51BC041130028CF91 /* Matrix */,
				F2799BFC1BB81A9400C4D1E3 /* Range */,
				F21403841BB0EA0200A6F672 /* Path */,
				F214037D1BB0E6E700A6F672 /* Relations */,
				F214037A1BB0638200A6F672 /* Primitives */,
				F214036F1BB05CD400A6F672 /* Elements */,
				F21403851BB0EF0900A6F672 /* Relations.swift */,
			);
			name = Geometry;
			sourceTree = "<group>";
		};
		F2799BFC1BB81A9400C4D1E3 /* Range */ = {
			isa = PBXGroup;
			children = (
				F2799BFD1BB81A9E00C4D1E3 /* AngleRange.swift */,
			);
			name = Range;
			sourceTree = "<group>";
		};
/* End PBXGroup section */

/* Begin PBXHeadersBuildPhase section */
		F26D460F1B7D09F200266096 /* Headers */ = {
			isa = PBXHeadersBuildPhase;
			buildActionMask = 2147483647;
			files = (
				F26D46161B7D09F200266096 /* ReformMath.h in Headers */,
			);
			runOnlyForDeploymentPostprocessing = 0;
		};
/* End PBXHeadersBuildPhase section */

/* Begin PBXNativeTarget section */
		F26D46111B7D09F200266096 /* ReformMath */ = {
			isa = PBXNativeTarget;
			buildConfigurationList = F26D46261B7D09F200266096 /* Build configuration list for PBXNativeTarget "ReformMath" */;
			buildPhases = (
				F26D460D1B7D09F200266096 /* Sources */,
				F26D460E1B7D09F200266096 /* Frameworks */,
				F26D460F1B7D09F200266096 /* Headers */,
				F26D46101B7D09F200266096 /* Resources */,
			);
			buildRules = (
			);
			dependencies = (
			);
			name = ReformMath;
			productName = ReformMath;
			productReference = F26D46121B7D09F200266096 /* ReformMath.framework */;
			productType = "com.apple.product-type.framework";
		};
		F26D461B1B7D09F200266096 /* ReformMathTests */ = {
			isa = PBXNativeTarget;
			buildConfigurationList = F26D46291B7D09F200266096 /* Build configuration list for PBXNativeTarget "ReformMathTests" */;
			buildPhases = (
				F26D46181B7D09F200266096 /* Sources */,
				F26D46191B7D09F200266096 /* Frameworks */,
				F26D461A1B7D09F200266096 /* Resources */,
			);
			buildRules = (
			);
			dependencies = (
				F26D461F1B7D09F200266096 /* PBXTargetDependency */,
			);
			name = ReformMathTests;
			productName = ReformMathTests;
			productReference = F26D461C1B7D09F200266096 /* ReformMathTests.xctest */;
			productType = "com.apple.product-type.bundle.unit-test";
		};
/* End PBXNativeTarget section */

/* Begin PBXProject section */
		F26D46091B7D09F200266096 /* Project object */ = {
			isa = PBXProject;
			attributes = {
				LastSwiftMigration = 0710;
				LastSwiftUpdateCheck = 0700;
				LastUpgradeCheck = 0700;
				ORGANIZATIONNAME = "Laszlo Korte";
				TargetAttributes = {
					F26D46111B7D09F200266096 = {
						CreatedOnToolsVersion = 7.0;
						LastSwiftMigration = 0800;
					};
					F26D461B1B7D09F200266096 = {
						CreatedOnToolsVersion = 7.0;
					};
				};
			};
			buildConfigurationList = F26D460C1B7D09F200266096 /* Build configuration list for PBXProject "ReformMath" */;
			compatibilityVersion = "Xcode 6.3";
			developmentRegion = English;
			hasScannedForEncodings = 0;
			knownRegions = (
				en,
			);
			mainGroup = F26D46081B7D09F200266096;
			productRefGroup = F26D46131B7D09F200266096 /* Products */;
			projectDirPath = "";
			projectRoot = "";
			targets = (
				F26D46111B7D09F200266096 /* ReformMath */,
				F26D461B1B7D09F200266096 /* ReformMathTests */,
			);
		};
/* End PBXProject section */

/* Begin PBXResourcesBuildPhase section */
		F26D46101B7D09F200266096 /* Resources */ = {
			isa = PBXResourcesBuildPhase;
			buildActionMask = 2147483647;
			files = (
			);
			runOnlyForDeploymentPostprocessing = 0;
		};
		F26D461A1B7D09F200266096 /* Resources */ = {
			isa = PBXResourcesBuildPhase;
			buildActionMask = 2147483647;
			files = (
			);
			runOnlyForDeploymentPostprocessing = 0;
		};
/* End PBXResourcesBuildPhase section */

/* Begin PBXSourcesBuildPhase section */
		F26D460D1B7D09F200266096 /* Sources */ = {
			isa = PBXSourcesBuildPhase;
			buildActionMask = 2147483647;
			files = (
				F21A86B91BC042CD0028CF91 /* Scalar.swift in Sources */,
				F2030B2D1BCB3B6A008C61FD /* AngleAngleOperators.swift in Sources */,
				F21403811BB0E92700A6F672 /* Containment.swift in Sources */,
				F26D46F01B7D1AAA00266096 /* Angle.swift in Sources */,
				F21403751BB05DFD00A6F672 /* Circle2d.swift in Sources */,
				F2030B2B1BCB3B3A008C61FD /* VectorScalarOperators.swift in Sources */,
				F21403771BB05E5500A6F672 /* Triangle2d.swift in Sources */,
				F20ABE9F1BB315D700245EB7 /* Sector2d.swift in Sources */,
				F210B7181B9C96BC003E1440 /* AABB2d.swift in Sources */,
				F2030B2F1BCB3B7C008C61FD /* AngleScalerOperators.swift in Sources */,
				F26D46A81B7D0CF400266096 /* Vec2d.swift in Sources */,
				F20ABEA11BB315E100245EB7 /* Segment2d.swift in Sources */,
				F214037C1BB064BA00A6F672 /* Constants.swift in Sources */,
				F20ABEA31BB35D5200245EB7 /* Distance.swift in Sources */,
				F21403791BB05FAA00A6F672 /* Ray2d.swift in Sources */,
				F21403831BB0E9BD00A6F672 /* Path2d.swift in Sources */,
				F26D470E1B7D34B700266096 /* Operators.swift in Sources */,
				F26D47311B7D3F7F00266096 /* Functions.swift in Sources */,
				F21A86B71BC041300028CF91 /* Mat3x2.swift in Sources */,
				F21403861BB0EF0900A6F672 /* Relations.swift in Sources */,
				F20ABE9B1BB304C400245EB7 /* Overlap.swift in Sources */,
				F2799BFE1BB81A9E00C4D1E3 /* AngleRange.swift in Sources */,
				F20ABEA51BB35E6100245EB7 /* Incidence.swift in Sources */,
				F21403731BB05D0D00A6F672 /* Arc2d.swift in Sources */,
				F2030B291BCB3B0F008C61FD /* VectorVectorOperators.swift in Sources */,
				F27391071B7F8ACE00100F2F /* PathRelations.swift in Sources */,
				F214037F1BB0E6F700A6F672 /* Intersection.swift in Sources */,
				F21403711BB05CF600A6F672 /* LineSegment2d.swift in Sources */,
				F20ABE9D1BB305C500245EB7 /* Line2d.swift in Sources */,
			);
			runOnlyForDeploymentPostprocessing = 0;
		};
		F26D46181B7D09F200266096 /* Sources */ = {
			isa = PBXSourcesBuildPhase;
			buildActionMask = 2147483647;
			files = (
				F2030B221BCB2CA9008C61FD /* Vec2d.swift in Sources */,
				F2030B321BCB3BD9008C61FD /* VectorScalarOperators.swift in Sources */,
				F2030B261BCB38B3008C61FD /* VectorVectorOperators.swift in Sources */,
				F2030B241BCB3364008C61FD /* Angle.swift in Sources */,
			);
			runOnlyForDeploymentPostprocessing = 0;
		};
/* End PBXSourcesBuildPhase section */

/* Begin PBXTargetDependency section */
		F26D461F1B7D09F200266096 /* PBXTargetDependency */ = {
			isa = PBXTargetDependency;
			target = F26D46111B7D09F200266096 /* ReformMath */;
			targetProxy = F26D461E1B7D09F200266096 /* PBXContainerItemProxy */;
		};
/* End PBXTargetDependency section */

/* Begin XCBuildConfiguration section */
		F26D46241B7D09F200266096 /* Debug */ = {
			isa = XCBuildConfiguration;
			buildSettings = {
				ALWAYS_SEARCH_USER_PATHS = NO;
				CLANG_CXX_LANGUAGE_STANDARD = "gnu++0x";
				CLANG_CXX_LIBRARY = "libc++";
				CLANG_ENABLE_MODULES = YES;
				CLANG_ENABLE_OBJC_ARC = YES;
				CLANG_WARN_BOOL_CONVERSION = YES;
				CLANG_WARN_CONSTANT_CONVERSION = YES;
				CLANG_WARN_DIRECT_OBJC_ISA_USAGE = YES_ERROR;
				CLANG_WARN_EMPTY_BODY = YES;
				CLANG_WARN_ENUM_CONVERSION = YES;
				CLANG_WARN_INT_CONVERSION = YES;
				CLANG_WARN_OBJC_ROOT_CLASS = YES_ERROR;
				CLANG_WARN_UNREACHABLE_CODE = YES;
				CLANG_WARN__DUPLICATE_METHOD_MATCH = YES;
				COPY_PHASE_STRIP = NO;
				CURRENT_PROJECT_VERSION = 1;
				DEBUG_INFORMATION_FORMAT = dwarf;
				ENABLE_STRICT_OBJC_MSGSEND = YES;
				ENABLE_TESTABILITY = YES;
				GCC_C_LANGUAGE_STANDARD = gnu99;
				GCC_DYNAMIC_NO_PIC = NO;
				GCC_NO_COMMON_BLOCKS = YES;
				GCC_OPTIMIZATION_LEVEL = 0;
				GCC_PREPROCESSOR_DEFINITIONS = (
					"DEBUG=1",
					"$(inherited)",
				);
				GCC_WARN_64_TO_32_BIT_CONVERSION = YES;
				GCC_WARN_ABOUT_RETURN_TYPE = YES_ERROR;
				GCC_WARN_UNDECLARED_SELECTOR = YES;
				GCC_WARN_UNINITIALIZED_AUTOS = YES_AGGRESSIVE;
				GCC_WARN_UNUSED_FUNCTION = YES;
				GCC_WARN_UNUSED_VARIABLE = YES;
				MACOSX_DEPLOYMENT_TARGET = 10.10;
				MTL_ENABLE_DEBUG_INFO = YES;
				ONLY_ACTIVE_ARCH = YES;
				SDKROOT = macosx;
				SWIFT_OPTIMIZATION_LEVEL = "-Onone";
				VERSIONING_SYSTEM = "apple-generic";
				VERSION_INFO_PREFIX = "";
			};
			name = Debug;
		};
		F26D46251B7D09F200266096 /* Release */ = {
			isa = XCBuildConfiguration;
			buildSettings = {
				ALWAYS_SEARCH_USER_PATHS = NO;
				CLANG_CXX_LANGUAGE_STANDARD = "gnu++0x";
				CLANG_CXX_LIBRARY = "libc++";
				CLANG_ENABLE_MODULES = YES;
				CLANG_ENABLE_OBJC_ARC = YES;
				CLANG_WARN_BOOL_CONVERSION = YES;
				CLANG_WARN_CONSTANT_CONVERSION = YES;
				CLANG_WARN_DIRECT_OBJC_ISA_USAGE = YES_ERROR;
				CLANG_WARN_EMPTY_BODY = YES;
				CLANG_WARN_ENUM_CONVERSION = YES;
				CLANG_WARN_INT_CONVERSION = YES;
				CLANG_WARN_OBJC_ROOT_CLASS = YES_ERROR;
				CLANG_WARN_UNREACHABLE_CODE = YES;
				CLANG_WARN__DUPLICATE_METHOD_MATCH = YES;
				COPY_PHASE_STRIP = NO;
				CURRENT_PROJECT_VERSION = 1;
				DEBUG_INFORMATION_FORMAT = "dwarf-with-dsym";
				ENABLE_NS_ASSERTIONS = NO;
				ENABLE_STRICT_OBJC_MSGSEND = YES;
				GCC_C_LANGUAGE_STANDARD = gnu99;
				GCC_NO_COMMON_BLOCKS = YES;
				GCC_WARN_64_TO_32_BIT_CONVERSION = YES;
				GCC_WARN_ABOUT_RETURN_TYPE = YES_ERROR;
				GCC_WARN_UNDECLARED_SELECTOR = YES;
				GCC_WARN_UNINITIALIZED_AUTOS = YES_AGGRESSIVE;
				GCC_WARN_UNUSED_FUNCTION = YES;
				GCC_WARN_UNUSED_VARIABLE = YES;
				MACOSX_DEPLOYMENT_TARGET = 10.10;
				MTL_ENABLE_DEBUG_INFO = NO;
				SDKROOT = macosx;
				VERSIONING_SYSTEM = "apple-generic";
				VERSION_INFO_PREFIX = "";
			};
			name = Release;
		};
		F26D46271B7D09F200266096 /* Debug */ = {
			isa = XCBuildConfiguration;
			buildSettings = {
				CLANG_ENABLE_MODULES = YES;
				COMBINE_HIDPI_IMAGES = YES;
				DEFINES_MODULE = YES;
				DYLIB_COMPATIBILITY_VERSION = 1;
				DYLIB_CURRENT_VERSION = 1;
				DYLIB_INSTALL_NAME_BASE = "@rpath";
				FRAMEWORK_VERSION = A;
				INFOPLIST_FILE = ReformMath/Info.plist;
				INSTALL_PATH = "$(LOCAL_LIBRARY_DIR)/Frameworks";
				LD_RUNPATH_SEARCH_PATHS = "$(inherited) @executable_path/../Frameworks @loader_path/Frameworks";
				PRODUCT_BUNDLE_IDENTIFIER = de.laszlokorte.ReformMath;
				PRODUCT_NAME = "$(TARGET_NAME)";
				SKIP_INSTALL = YES;
				SWIFT_OPTIMIZATION_LEVEL = "-Onone";
				SWIFT_VERSION = 3.0;
			};
			name = Debug;
		};
		F26D46281B7D09F200266096 /* Release */ = {
			isa = XCBuildConfiguration;
			buildSettings = {
				CLANG_ENABLE_MODULES = YES;
				COMBINE_HIDPI_IMAGES = YES;
				DEFINES_MODULE = YES;
				DYLIB_COMPATIBILITY_VERSION = 1;
				DYLIB_CURRENT_VERSION = 1;
				DYLIB_INSTALL_NAME_BASE = "@rpath";
				FRAMEWORK_VERSION = A;
				INFOPLIST_FILE = ReformMath/Info.plist;
				INSTALL_PATH = "$(LOCAL_LIBRARY_DIR)/Frameworks";
				LD_RUNPATH_SEARCH_PATHS = "$(inherited) @executable_path/../Frameworks @loader_path/Frameworks";
				PRODUCT_BUNDLE_IDENTIFIER = de.laszlokorte.ReformMath;
				PRODUCT_NAME = "$(TARGET_NAME)";
				SKIP_INSTALL = YES;
				SWIFT_OPTIMIZATION_LEVEL = "-Owholemodule";
				SWIFT_VERSION = 3.0;
			};
			name = Release;
		};
		F26D462A1B7D09F200266096 /* Debug */ = {
			isa = XCBuildConfiguration;
			buildSettings = {
				COMBINE_HIDPI_IMAGES = YES;
				INFOPLIST_FILE = ReformMathTests/Info.plist;
				LD_RUNPATH_SEARCH_PATHS = "$(inherited) @executable_path/../Frameworks @loader_path/../Frameworks";
				PRODUCT_BUNDLE_IDENTIFIER = de.laszlokorte.ReformMathTests;
				PRODUCT_NAME = "$(TARGET_NAME)";
			};
			name = Debug;
		};
		F26D462B1B7D09F200266096 /* Release */ = {
			isa = XCBuildConfiguration;
			buildSettings = {
				COMBINE_HIDPI_IMAGES = YES;
				INFOPLIST_FILE = ReformMathTests/Info.plist;
				LD_RUNPATH_SEARCH_PATHS = "$(inherited) @executable_path/../Frameworks @loader_path/../Frameworks";
				PRODUCT_BUNDLE_IDENTIFIER = de.laszlokorte.ReformMathTests;
				PRODUCT_NAME = "$(TARGET_NAME)";
			};
			name = Release;
		};
/* End XCBuildConfiguration section */

/* Begin XCConfigurationList section */
		F26D460C1B7D09F200266096 /* Build configuration list for PBXProject "ReformMath" */ = {
			isa = XCConfigurationList;
			buildConfigurations = (
				F26D46241B7D09F200266096 /* Debug */,
				F26D46251B7D09F200266096 /* Release */,
			);
			defaultConfigurationIsVisible = 0;
			defaultConfigurationName = Release;
		};
		F26D46261B7D09F200266096 /* Build configuration list for PBXNativeTarget "ReformMath" */ = {
			isa = XCConfigurationList;
			buildConfigurations = (
				F26D46271B7D09F200266096 /* Debug */,
				F26D46281B7D09F200266096 /* Release */,
			);
			defaultConfigurationIsVisible = 0;
			defaultConfigurationName = Release;
		};
		F26D46291B7D09F200266096 /* Build configuration list for PBXNativeTarget "ReformMathTests" */ = {
			isa = XCConfigurationList;
			buildConfigurations = (
				F26D462A1B7D09F200266096 /* Debug */,
				F26D462B1B7D09F200266096 /* Release */,
			);
			defaultConfigurationIsVisible = 0;
			defaultConfigurationName = Release;
		};
/* End XCConfigurationList section */
	};
	rootObject = F26D46091B7D09F200266096 /* Project object */;
}
